{
  "name": "tree-sitter-comment",
  "version": "0.0.1",
  "lockfileVersion": 2,
  "requires": true,
  "packages": {
    "": {
      "name": "tree-sitter-comment",
      "version": "0.0.1",
      "license": "MIT",
      "dependencies": {
        "nan": "^2.14.2"
      },
      "devDependencies": {
        "tree-sitter-cli": "^0.20.1"
      }
    },
    "node_modules/nan": {
      "version": "2.14.2",
      "resolved": "https://registry.npmjs.org/nan/-/nan-2.14.2.tgz",
      "integrity": "sha512-M2ufzIiINKCuDfBSAUr1vWQ+vuVcA9kqx8JJUsbQi6yf1uGRyb7HfpdfUr5qLXf3B/t8dPvcjhKMmlfnP47EzQ=="
    },
    "node_modules/tree-sitter-cli": {
      "version": "0.20.1",
      "resolved": "https://registry.npmjs.org/tree-sitter-cli/-/tree-sitter-cli-0.20.1.tgz",
      "integrity": "sha512-I0Gp4ThRp39TDnBAaZKiogvoE85MSeL6/ILZMXbzeEo8hUsudpVhEHRE4CU+Bk5QUaiMiDkD+ZIL3gT2zZ++wg==",
      "dev": true,
      "hasInstallScript": true,
      "bin": {
        "tree-sitter": "cli.js"
      }
    }
  },
  "dependencies": {
    "nan": {
      "version": "2.14.2",
      "resolved": "https://registry.npmjs.org/nan/-/nan-2.14.2.tgz",
      "integrity": "sha512-M2ufzIiINKCuDfBSAUr1vWQ+vuVcA9kqx8JJUsbQi6yf1uGRyb7HfpdfUr5qLXf3B/t8dPvcjhKMmlfnP47EzQ=="
    },
    "tree-sitter-cli": {
      "version": "0.20.1",
      "resolved": "https://registry.npmjs.org/tree-sitter-cli/-/tree-sitter-cli-0.20.1.tgz",
      "integrity": "sha512-I0Gp4ThRp39TDnBAaZKiogvoE85MSeL6/ILZMXbzeEo8hUsudpVhEHRE4CU+Bk5QUaiMiDkD+ZIL3gT2zZ++wg==",
      "dev": true
    }
  }
}
